{
  "name": "ballpark-app",
  "requires": true,
  "lockfileVersion": 1,
  "dependencies": {
    "@fortawesome/fontawesome-common-types": {
      "version": "0.2.2",
      "resolved": "https://registry.npmjs.org/@fortawesome/fontawesome-common-types/-/fontawesome-common-types-0.2.2.tgz",
      "integrity": "sha512-OBzXzYJ+nDMece2nKeuV7hLuwqPN3jv1Fk56gag2DL4BiwWl8gkFQplj5Krep9HwtjFxbM6/DWN6ZG7FRC5N0w=="
    },
    "@fortawesome/fontawesome-svg-core": {
      "version": "1.2.2",
      "resolved": "https://registry.npmjs.org/@fortawesome/fontawesome-svg-core/-/fontawesome-svg-core-1.2.2.tgz",
      "integrity": "sha512-j+DmvRF3FPekdLir3ocSl3fO12FxKXEot/kqeodUqTBsmU0EcPvRLn9ip3xzQrMSJ2cWyqv4GNxFm5kT0XR8mw==",
      "requires": {
        "@fortawesome/fontawesome-common-types": "0.2.2"
      }
    },
    "@fortawesome/free-solid-svg-icons": {
      "version": "5.2.0",
      "resolved": "https://registry.npmjs.org/@fortawesome/free-solid-svg-icons/-/free-solid-svg-icons-5.2.0.tgz",
      "integrity": "sha512-ZgUtvhtdOMGaXSenAxzjVhn+Bz1tYKqUPIVeZ/40vrilOu8dF95EjRW1JcUJ938gNE8pjaB/G2AlJN8T0wcXxw==",
      "requires": {
        "@fortawesome/fontawesome-common-types": "0.2.2"
      }
    },
    "@fortawesome/vue-fontawesome": {
      "version": "0.1.1",
      "resolved": "https://registry.npmjs.org/@fortawesome/vue-fontawesome/-/vue-fontawesome-0.1.1.tgz",
      "integrity": "sha512-dvPpA9eI18bWr3E+c0JvCYD6xl/keEj0ICTMShUPbxsGkd6PdFU9xYjqA8qE8ahsY+xhbQzZt/k1FKlpMGaRXA=="
    },
    "vue-rate-it": {
      "version": "2.1.0",
      "resolved": "https://registry.npmjs.org/vue-rate-it/-/vue-rate-it-2.1.0.tgz",
      "integrity": "sha1-TAFqpWpeL6Og6H4vzT2CgP6hQE4="
    },
    "vue-star-rating": {
      "version": "1.6.0",
      "resolved": "https://registry.npmjs.org/vue-star-rating/-/vue-star-rating-1.6.0.tgz",
      "integrity": "sha1-hYbZ0QBVX9Nn3x47dpZp6DcIkgk="
    }
  }
}
